
Microsoft Visual Studio Solution File, Format Version 12.00
# Visual Studio 15
VisualStudioVersion = 15.0.27703.2026
MinimumVisualStudioVersion = 10.0.40219.1
Project("{8BC9CEB8-8B4A-11D0-8D11-00A0C91BC942}") = "Cgrammar", "Cgrammar\Cgrammar.vcxproj", "{F4C9CC02-BFF3-43D5-8EF3-30485C059855}"
EndProject
Global
	GlobalSection(SolutionConfigurationPlatforms) = preSolution
		Debug|x64 = Debug|x64
		Debug|x86 = Debug|x86
		Release|x64 = Release|x64
		Release|x86 = Release|x86
	EndGlobalSection
	GlobalSection(ProjectConfigurationPlatforms) = postSolution
		{F4C9CC02-BFF3-43D5-8EF3-30485C059855}.Debug|x64.ActiveCfg = Debug|x64
		{F4C9CC02-BFF3-43D5-8EF3-30485C059855}.Debug|x64.Build.0 = Debug|x64
		{F4C9CC02-BFF3-43D5-8EF3-30485C059855}.Debug|x86.ActiveCfg = Debug|Win32
		{F4C9CC02-BFF3-43D5-8EF3-30485C059855}.Debug|x86.Build.0 = Debug|Win32
		{F4C9CC02-BFF3-43D5-8EF3-30485C059855}.Release|x64.ActiveCfg = Release|x64
		{F4C9CC02-BFF3-43D5-8EF3-30485C059855}.Release|x64.Build.0 = Release|x64
		{F4C9CC02-BFF3-43D5-8EF3-30485C059855}.Release|x86.ActiveCfg = Release|Win32
		{F4C9CC02-BFF3-43D5-8EF3-30485C059855}.Release|x86.Build.0 = Release|Win32
	EndGlobalSection
	GlobalSection(SolutionProperties) = preSolution
		HideSolutionNode = FALSE
	EndGlobalSection
	GlobalSection(ExtensibilityGlobals) = postSolution
		SolutionGuid = {71B28D16-C7D7-481E-8C12-E119FBC5B9E3}
	EndGlobalSection
EndGlobal
